// !$*UTF8*$!
{
	archiveVersion = 1;
	classes = {
	};
	objectVersion = 46;
	objects = {

/* Begin PBXBuildFile section */
		7401CE9D19B98626003D97F8 /* main.m in Sources */ = {isa = PBXBuildFile; fileRef = 7401CE9C19B98626003D97F8 /* main.m */; };
		7401CEA019B98626003D97F8 /* AppDelegate.m in Sources */ = {isa = PBXBuildFile; fileRef = 7401CE9F19B98626003D97F8 /* AppDelegate.m */; };
		7401CEA319B98626003D97F8 /* ViewController.m in Sources */ = {isa = PBXBuildFile; fileRef = 7401CEA219B98626003D97F8 /* ViewController.m */; };
		7401CEA619B98626003D97F8 /* Main.storyboard in Resources */ = {isa = PBXBuildFile; fileRef = 7401CEA419B98626003D97F8 /* Main.storyboard */; };
		7401CEA819B98626003D97F8 /* Images.xcassets in Resources */ = {isa = PBXBuildFile; fileRef = 7401CEA719B98626003D97F8 /* Images.xcassets */; };
		7401CEB419B98626003D97F8 /* BullsEyeTests.m in Sources */ = {isa = PBXBuildFile; fileRef = 7401CEB319B98626003D97F8 /* BullsEyeTests.m */; };
		740B9D1819C2C22E00FCD977 /* BullsEye.html in Resources */ = {isa = PBXBuildFile; fileRef = 740B9D1719C2C22E00FCD977 /* BullsEye.html */; };
		74AB330119C027DA004FC78D /* AboutViewController.m in Sources */ = {isa = PBXBuildFile; fileRef = 74AB330019C027DA004FC78D /* AboutViewController.m */; };
/* End PBXBuildFile section */

/* Begin PBXContainerItemProxy section */
		7401CEAE19B98626003D97F8 /* PBXContainerItemProxy */ = {
			isa = PBXContainerItemProxy;
			containerPortal = 7401CE8F19B98626003D97F8 /* Project object */;
			proxyType = 1;
			remoteGlobalIDString = 7401CE9619B98626003D97F8;
			remoteInfo = BullsEye;
		};
/* End PBXContainerItemProxy section */

/* Begin PBXFileReference section */
		7401CE9719B98626003D97F8 /* BullsEye.app */ = {isa = PBXFileReference; explicitFileType = wrapper.application; includeInIndex = 0; path = BullsEye.app; sourceTree = BUILT_PRODUCTS_DIR; };
		7401CE9B19B98626003D97F8 /* Info.plist */ = {isa = PBXFileReference; lastKnownFileType = text.plist.xml; path = Info.plist; sourceTree = "<group>"; };
		7401CE9C19B98626003D97F8 /* main.m */ = {isa = PBXFileReference; lastKnownFileType = sourcecode.c.objc; path = main.m; sourceTree = "<group>"; };
		7401CE9E19B98626003D97F8 /* AppDelegate.h */ = {isa = PBXFileReference; lastKnownFileType = sourcecode.c.h; path = AppDelegate.h; sourceTree = "<group>"; };
		7401CE9F19B98626003D97F8 /* AppDelegate.m */ = {isa = PBXFileReference; lastKnownFileType = sourcecode.c.objc; path = AppDelegate.m; sourceTree = "<group>"; };
		7401CEA119B98626003D97F8 /* ViewController.h */ = {isa = PBXFileReference; lastKnownFileType = sourcecode.c.h; path = ViewController.h; sourceTree = "<group>"; };
		7401CEA219B98626003D97F8 /* ViewController.m */ = {isa = PBXFileReference; lastKnownFileType = sourcecode.c.objc; path = ViewController.m; sourceTree = "<group>"; };
		7401CEA519B98626003D97F8 /* Base */ = {isa = PBXFileReference; lastKnownFileType = file.storyboard; name = Base; path = Base.lproj/Main.storyboard; sourceTree = "<group>"; };
		7401CEA719B98626003D97F8 /* Images.xcassets */ = {isa = PBXFileReference; lastKnownFileType = folder.assetcatalog; path = Images.xcassets; sourceTree = "<group>"; };
		7401CEAD19B98626003D97F8 /* BullsEyeTests.xctest */ = {isa = PBXFileReference; explicitFileType = wrapper.cfbundle; includeInIndex = 0; path = BullsEyeTests.xctest; sourceTree = BUILT_PRODUCTS_DIR; };
		7401CEB219B98626003D97F8 /* Info.plist */ = {isa = PBXFileReference; lastKnownFileType = text.plist.xml; path = Info.plist; sourceTree = "<group>"; };
		7401CEB319B98626003D97F8 /* BullsEyeTests.m */ = {isa = PBXFileReference; lastKnownFileType = sourcecode.c.objc; path = BullsEyeTests.m; sourceTree = "<group>"; };
		740B9D1719C2C22E00FCD977 /* BullsEye.html */ = {isa = PBXFileReference; fileEncoding = 4; lastKnownFileType = text.html; path = BullsEye.html; sourceTree = "<group>"; };
		74AB32FF19C027DA004FC78D /* AboutViewController.h */ = {isa = PBXFileReference; fileEncoding = 4; lastKnownFileType = sourcecode.c.h; path = AboutViewController.h; sourceTree = "<group>"; };
		74AB330019C027DA004FC78D /* AboutViewController.m */ = {isa = PBXFileReference; fileEncoding = 4; lastKnownFileType = sourcecode.c.objc; path = AboutViewController.m; sourceTree = "<group>"; };
/* End PBXFileReference section */

/* Begin PBXFrameworksBuildPhase section */
		7401CE9419B98626003D97F8 /* Frameworks */ = {
			isa = PBXFrameworksBuildPhase;
			buildActionMask = 2147483647;
			files = (
			);
			runOnlyForDeploymentPostprocessing = 0;
		};
		7401CEAA19B98626003D97F8 /* Frameworks */ = {
			isa = PBXFrameworksBuildPhase;
			buildActionMask = 2147483647;
			files = (
			);
			runOnlyForDeploymentPostprocessing = 0;
		};
/* End PBXFrameworksBuildPhase section */

/* Begin PBXGroup section */
		7401CE8E19B98626003D97F8 = {
			isa = PBXGroup;
			children = (
				7401CE9919B98626003D97F8 /* BullsEye */,
				7401CEB019B98626003D97F8 /* BullsEyeTests */,
				7401CE9819B98626003D97F8 /* Products */,
			);
			sourceTree = "<group>";
		};
		7401CE9819B98626003D97F8 /* Products */ = {
			isa = PBXGroup;
			children = (
				7401CE9719B98626003D97F8 /* BullsEye.app */,
				7401CEAD19B98626003D97F8 /* BullsEyeTests.xctest */,
			);
			name = Products;
			sourceTree = "<group>";
		};
		7401CE9919B98626003D97F8 /* BullsEye */ = {
			isa = PBXGroup;
			children = (
				740B9D1719C2C22E00FCD977 /* BullsEye.html */,
				74AB32FF19C027DA004FC78D /* AboutViewController.h */,
				74AB330019C027DA004FC78D /* AboutViewController.m */,
				7401CE9E19B98626003D97F8 /* AppDelegate.h */,
				7401CE9F19B98626003D97F8 /* AppDelegate.m */,
				7401CEA719B98626003D97F8 /* Images.xcassets */,
				7401CEA419B98626003D97F8 /* Main.storyboard */,
				7401CE9A19B98626003D97F8 /* Supporting Files */,
				7401CEA119B98626003D97F8 /* ViewController.h */,
				7401CEA219B98626003D97F8 /* ViewController.m */,
			);
			path = BullsEye;
			sourceTree = "<group>";
		};
		7401CE9A19B98626003D97F8 /* Supporting Files */ = {
			isa = PBXGroup;
			children = (
				7401CE9B19B98626003D97F8 /* Info.plist */,
				7401CE9C19B98626003D97F8 /* main.m */,
			);
			name = "Supporting Files";
			sourceTree = "<group>";
		};
		7401CEB019B98626003D97F8 /* BullsEyeTests */ = {
			isa = PBXGroup;
			children = (
				7401CEB319B98626003D97F8 /* BullsEyeTests.m */,
				7401CEB119B98626003D97F8 /* Supporting Files */,
			);
			path = BullsEyeTests;
			sourceTree = "<group>";
		};
		7401CEB119B98626003D97F8 /* Supporting Files */ = {
			isa = PBXGroup;
			children = (
				7401CEB219B98626003D97F8 /* Info.plist */,
			);
			name = "Supporting Files";
			sourceTree = "<group>";
		};
/* End PBXGroup section */

/* Begin PBXNativeTarget section */
		7401CE9619B98626003D97F8 /* BullsEye */ = {
			isa = PBXNativeTarget;
			buildConfigurationList = 7401CEB719B98626003D97F8 /* Build configuration list for PBXNativeTarget "BullsEye" */;
			buildPhases = (
				7401CE9319B98626003D97F8 /* Sources */,
				7401CE9419B98626003D97F8 /* Frameworks */,
				7401CE9519B98626003D97F8 /* Resources */,
			);
			buildRules = (
			);
			dependencies = (
			);
			name = BullsEye;
			productName = BullsEye;
			productReference = 7401CE9719B98626003D97F8 /* BullsEye.app */;
			productType = "com.apple.product-type.application";
		};
		7401CEAC19B98626003D97F8 /* BullsEyeTests */ = {
			isa = PBXNativeTarget;
			buildConfigurationList = 7401CEBA19B98626003D97F8 /* Build configuration list for PBXNativeTarget "BullsEyeTests" */;
			buildPhases = (
				7401CEA919B98626003D97F8 /* Sources */,
				7401CEAA19B98626003D97F8 /* Frameworks */,
				7401CEAB19B98626003D97F8 /* Resources */,
			);
			buildRules = (
			);
			dependencies = (
				7401CEAF19B98626003D97F8 /* PBXTargetDependency */,
			);
			name = BullsEyeTests;
			productName = BullsEyeTests;
			productReference = 7401CEAD19B98626003D97F8 /* BullsEyeTests.xctest */;
			productType = "com.apple.product-type.bundle.unit-test";
		};
/* End PBXNativeTarget section */

/* Begin PBXProject section */
		7401CE8F19B98626003D97F8 /* Project object */ = {
			isa = PBXProject;
			attributes = {
				LastUpgradeCheck = 0600;
				ORGANIZATIONNAME = "朱里达";
				TargetAttributes = {
					7401CE9619B98626003D97F8 = {
						CreatedOnToolsVersion = 6.0;
					};
					7401CEAC19B98626003D97F8 = {
						CreatedOnToolsVersion = 6.0;
						TestTargetID = 7401CE9619B98626003D97F8;
					};
				};
			};
			buildConfigurationList = 7401CE9219B98626003D97F8 /* Build configuration list for PBXProject "BullsEye" */;
			compatibilityVersion = "Xcode 3.2";
			developmentRegion = English;
			hasScannedForEncodings = 0;
			knownRegions = (
				en,
				Base,
			);
			mainGroup = 7401CE8E19B98626003D97F8;
			productRefGroup = 7401CE9819B98626003D97F8 /* Products */;
			projectDirPath = "";
			projectRoot = "";
			targets = (
				7401CE9619B98626003D97F8 /* BullsEye */,
				7401CEAC19B98626003D97F8 /* BullsEyeTests */,
			);
		};
/* End PBXProject section */

/* Begin PBXResourcesBuildPhase section */
		7401CE9519B98626003D97F8 /* Resources */ = {
			isa = PBXResourcesBuildPhase;
			buildActionMask = 2147483647;
			files = (
				7401CEA619B98626003D97F8 /* Main.storyboard in Resources */,
				740B9D1819C2C22E00FCD977 /* BullsEye.html in Resources */,
				7401CEA819B98626003D97F8 /* Images.xcassets in Resources */,
			);
			runOnlyForDeploymentPostprocessing = 0;
		};
		7401CEAB19B98626003D97F8 /* Resources */ = {
			isa = PBXResourcesBuildPhase;
			buildActionMask = 2147483647;
			files = (
			);
			runOnlyForDeploymentPostprocessing = 0;
		};
/* End PBXResourcesBuildPhase section */

/* Begin PBXSourcesBuildPhase section */
		7401CE9319B98626003D97F8 /* Sources */ = {
			isa = PBXSourcesBuildPhase;
			buildActionMask = 2147483647;
			files = (
				7401CEA319B98626003D97F8 /* ViewController.m in Sources */,
				7401CEA019B98626003D97F8 /* AppDelegate.m in Sources */,
				74AB330119C027DA004FC78D /* AboutViewController.m in Sources */,
				7401CE9D19B98626003D97F8 /* main.m in Sources */,
			);
			runOnlyForDeploymentPostprocessing = 0;
		};
		7401CEA919B98626003D97F8 /* Sources */ = {
			isa = PBXSourcesBuildPhase;
			buildActionMask = 2147483647;
			files = (
				7401CEB419B98626003D97F8 /* BullsEyeTests.m in Sources */,
			);
			runOnlyForDeploymentPostprocessing = 0;
		};
/* End PBXSourcesBuildPhase section */

/* Begin PBXTargetDependency section */
		7401CEAF19B98626003D97F8 /* PBXTargetDependency */ = {
			isa = PBXTargetDependency;
			target = 7401CE9619B98626003D97F8 /* BullsEye */;
			targetProxy = 7401CEAE19B98626003D97F8 /* PBXContainerItemProxy */;
		};
/* End PBXTargetDependency section */

/* Begin PBXVariantGroup section */
		7401CEA419B98626003D97F8 /* Main.storyboard */ = {
			isa = PBXVariantGroup;
			children = (
				7401CEA519B98626003D97F8 /* Base */,
			);
			name = Main.storyboard;
			sourceTree = "<group>";
		};
/* End PBXVariantGroup section */

/* Begin XCBuildConfiguration section */
		7401CEB519B98626003D97F8 /* Debug */ = {
			isa = XCBuildConfiguration;
			buildSettings = {
				ALWAYS_SEARCH_USER_PATHS = NO;
				CLANG_CXX_LANGUAGE_STANDARD = "gnu++0x";
				CLANG_CXX_LIBRARY = "libc++";
				CLANG_ENABLE_MODULES = YES;
				CLANG_ENABLE_OBJC_ARC = YES;
				CLANG_WARN_BOOL_CONVERSION = YES;
				CLANG_WARN_CONSTANT_CONVERSION = YES;
				CLANG_WARN_DIRECT_OBJC_ISA_USAGE = YES_ERROR;
				CLANG_WARN_EMPTY_BODY = YES;
				CLANG_WARN_ENUM_CONVERSION = YES;
				CLANG_WARN_INT_CONVERSION = YES;
				CLANG_WARN_OBJC_ROOT_CLASS = YES_ERROR;
				CLANG_WARN_UNREACHABLE_CODE = YES;
				CLANG_WARN__DUPLICATE_METHOD_MATCH = YES;
				"CODE_SIGN_IDENTITY[sdk=iphoneos*]" = "iPhone Developer";
				COPY_PHASE_STRIP = NO;
				ENABLE_STRICT_OBJC_MSGSEND = YES;
				GCC_C_LANGUAGE_STANDARD = gnu99;
				GCC_DYNAMIC_NO_PIC = NO;
				GCC_OPTIMIZATION_LEVEL = 0;
				GCC_PREPROCESSOR_DEFINITIONS = (
					"DEBUG=1",
					"$(inherited)",
				);
				GCC_SYMBOLS_PRIVATE_EXTERN = NO;
				GCC_WARN_64_TO_32_BIT_CONVERSION = YES;
				GCC_WARN_ABOUT_RETURN_TYPE = YES_ERROR;
				GCC_WARN_UNDECLARED_SELECTOR = YES;
				GCC_WARN_UNINITIALIZED_AUTOS = YES_AGGRESSIVE;
				GCC_WARN_UNUSED_FUNCTION = YES;
				GCC_WARN_UNUSED_VARIABLE = YES;
				IPHONEOS_DEPLOYMENT_TARGET = 8.0;
				MTL_ENABLE_DEBUG_INFO = YES;
				ONLY_ACTIVE_ARCH = YES;
				SDKROOT = iphoneos;
			};
			name = Debug;
		};
		7401CEB619B98626003D97F8 /* Release */ = {
			isa = XCBuildConfiguration;
			buildSettings = {
				ALWAYS_SEARCH_USER_PATHS = NO;
				CLANG_CXX_LANGUAGE_STANDARD = "gnu++0x";
				CLANG_CXX_LIBRARY = "libc++";
				CLANG_ENABLE_MODULES = YES;
				CLANG_ENABLE_OBJC_ARC = YES;
				CLANG_WARN_BOOL_CONVERSION = YES;
				CLANG_WARN_CONSTANT_CONVERSION = YES;
				CLANG_WARN_DIRECT_OBJC_ISA_USAGE = YES_ERROR;
				CLANG_WARN_EMPTY_BODY = YES;
				CLANG_WARN_ENUM_CONVERSION = YES;
				CLANG_WARN_INT_CONVERSION = YES;
				CLANG_WARN_OBJC_ROOT_CLASS = YES_ERROR;
				CLANG_WARN_UNREACHABLE_CODE = YES;
				CLANG_WARN__DUPLICATE_METHOD_MATCH = YES;
				"CODE_SIGN_IDENTITY[sdk=iphoneos*]" = "iPhone Developer";
				COPY_PHASE_STRIP = YES;
				ENABLE_NS_ASSERTIONS = NO;
				ENABLE_STRICT_OBJC_MSGSEND = YES;
				GCC_C_LANGUAGE_STANDARD = gnu99;
				GCC_WARN_64_TO_32_BIT_CONVERSION = YES;
				GCC_WARN_ABOUT_RETURN_TYPE = YES_ERROR;
				GCC_WARN_UNDECLARED_SELECTOR = YES;
				GCC_WARN_UNINITIALIZED_AUTOS = YES_AGGRESSIVE;
				GCC_WARN_UNUSED_FUNCTION = YES;
				GCC_WARN_UNUSED_VARIABLE = YES;
				IPHONEOS_DEPLOYMENT_TARGET = 8.0;
				MTL_ENABLE_DEBUG_INFO = NO;
				SDKROOT = iphoneos;
				VALIDATE_PRODUCT = YES;
			};
			name = Release;
		};
		7401CEB819B98626003D97F8 /* Debug */ = {
			isa = XCBuildConfiguration;
			buildSettings = {
				ASSETCATALOG_COMPILER_APPICON_NAME = AppIcon;
				ASSETCATALOG_COMPILER_LAUNCHIMAGE_NAME = LaunchImage;
				INFOPLIST_FILE = BullsEye/Info.plist;
				IPHONEOS_DEPLOYMENT_TARGET = 7.1;
				LD_RUNPATH_SEARCH_PATHS = "$(inherited) @executable_path/Frameworks";
				PRODUCT_NAME = "$(TARGET_NAME)";
			};
			name = Debug;
		};
		7401CEB919B98626003D97F8 /* Release */ = {
			isa = XCBuildConfiguration;
			buildSettings = {
				ASSETCATALOG_COMPILER_APPICON_NAME = AppIcon;
				ASSETCATALOG_COMPILER_LAUNCHIMAGE_NAME = LaunchImage;
				INFOPLIST_FILE = BullsEye/Info.plist;
				IPHONEOS_DEPLOYMENT_TARGET = 7.1;
				LD_RUNPATH_SEARCH_PATHS = "$(inherited) @executable_path/Frameworks";
				PRODUCT_NAME = "$(TARGET_NAME)";
			};
			name = Release;
		};
		7401CEBB19B98626003D97F8 /* Debug */ = {
			isa = XCBuildConfiguration;
			buildSettings = {
				BUNDLE_LOADER = "$(TEST_HOST)";
				FRAMEWORK_SEARCH_PATHS = (
					"$(SDKROOT)/Developer/Library/Frameworks",
					"$(inherited)",
				);
				GCC_PREPROCESSOR_DEFINITIONS = (
					"DEBUG=1",
					"$(inherited)",
				);
				INFOPLIST_FILE = BullsEyeTests/Info.plist;
				LD_RUNPATH_SEARCH_PATHS = "$(inherited) @executable_path/Frameworks @loader_path/Frameworks";
				PRODUCT_NAME = "$(TARGET_NAME)";
				TEST_HOST = "$(BUILT_PRODUCTS_DIR)/BullsEye.app/BullsEye";
			};
			name = Debug;
		};
		7401CEBC19B98626003D97F8 /* Release */ = {
			isa = XCBuildConfiguration;
			buildSettings = {
				BUNDLE_LOADER = "$(TEST_HOST)";
				FRAMEWORK_SEARCH_PATHS = (
					"$(SDKROOT)/Developer/Library/Frameworks",
					"$(inherited)",
				);
				INFOPLIST_FILE = BullsEyeTests/Info.plist;
				LD_RUNPATH_SEARCH_PATHS = "$(inherited) @executable_path/Frameworks @loader_path/Frameworks";
				PRODUCT_NAME = "$(TARGET_NAME)";
				TEST_HOST = "$(BUILT_PRODUCTS_DIR)/BullsEye.app/BullsEye";
			};
			name = Release;
		};
/* End XCBuildConfiguration section */

/* Begin XCConfigurationList section */
		7401CE9219B98626003D97F8 /* Build configuration list for PBXProject "BullsEye" */ = {
			isa = XCConfigurationList;
			buildConfigurations = (
				7401CEB519B98626003D97F8 /* Debug */,
				7401CEB619B98626003D97F8 /* Release */,
			);
			defaultConfigurationIsVisible = 0;
			defaultConfigurationName = Release;
		};
		7401CEB719B98626003D97F8 /* Build configuration list for PBXNativeTarget "BullsEye" */ = {
			isa = XCConfigurationList;
			buildConfigurations = (
				7401CEB819B98626003D97F8 /* Debug */,
				7401CEB919B98626003D97F8 /* Release */,
			);
			defaultConfigurationIsVisible = 0;
			defaultConfigurationName = Release;
		};
		7401CEBA19B98626003D97F8 /* Build configuration list for PBXNativeTarget "BullsEyeTests" */ = {
			isa = XCConfigurationList;
			buildConfigurations = (
				7401CEBB19B98626003D97F8 /* Debug */,
				7401CEBC19B98626003D97F8 /* Release */,
			);
			defaultConfigurationIsVisible = 0;
			defaultConfigurationName = Release;
		};
/* End XCConfigurationList section */
	};
	rootObject = 7401CE8F19B98626003D97F8 /* Project object */;
}
